
Microsoft Visual Studio Solution File, Format Version 12.00
# Visual Studio Version 17
VisualStudioVersion = 17.4.33205.214
MinimumVisualStudioVersion = 10.0.40219.1
Project("{FAE04EC0-301F-11D3-BF4B-00C04F79EFBC}") = "HomeWork4", "HomeWork4\HomeWork4.csproj", "{0020BEBA-83C7-40AB-8B72-231D8EE2671B}"
EndProject
Global
	GlobalSection(SolutionConfigurationPlatforms) = preSolution
		Debug|Any CPU = Debug|Any CPU
		Release|Any CPU = Release|Any CPU
	EndGlobalSection
	GlobalSection(ProjectConfigurationPlatforms) = postSolution
		{0020BEBA-83C7-40AB-8B72-231D8EE2671B}.Debug|Any CPU.ActiveCfg = Debug|Any CPU
		{0020BEBA-83C7-40AB-8B72-231D8EE2671B}.Debug|Any CPU.Build.0 = Debug|Any CPU
		{0020BEBA-83C7-40AB-8B72-231D8EE2671B}.Release|Any CPU.ActiveCfg = Release|Any CPU
		{0020BEBA-83C7-40AB-8B72-231D8EE2671B}.Release|Any CPU.Build.0 = Release|Any CPU
	EndGlobalSection
	GlobalSection(SolutionProperties) = preSolution
		HideSolutionNode = FALSE
	EndGlobalSection
	GlobalSection(ExtensibilityGlobals) = postSolution
		SolutionGuid = {448A1179-AB8B-4228-8C0C-EDC7B99C82E7}
	EndGlobalSection
EndGlobal
